// !$*UTF8*$!
{
	archiveVersion = 1;
	classes = {
	};
	objectVersion = 46;
	objects = {

/* Begin PBXBuildFile section */
		E9A8648120562E3D00799B6E /* AppDelegate.swift in Sources */ = {isa = PBXBuildFile; fileRef = E9A8648020562E3D00799B6E /* AppDelegate.swift */; };
		E9A8648320562E3D00799B6E /* ViewController.swift in Sources */ = {isa = PBXBuildFile; fileRef = E9A8648220562E3D00799B6E /* ViewController.swift */; };
		E9A8648620562E3D00799B6E /* Main.storyboard in Resources */ = {isa = PBXBuildFile; fileRef = E9A8648420562E3D00799B6E /* Main.storyboard */; };
		E9A8648820562E3D00799B6E /* Assets.xcassets in Resources */ = {isa = PBXBuildFile; fileRef = E9A8648720562E3D00799B6E /* Assets.xcassets */; };
		E9A8648B20562E3D00799B6E /* LaunchScreen.storyboard in Resources */ = {isa = PBXBuildFile; fileRef = E9A8648920562E3D00799B6E /* LaunchScreen.storyboard */; };
/* End PBXBuildFile section */

/* Begin PBXFileReference section */
		E9A8647D20562E3D00799B6E /* UITextFileDemo.app */ = {isa = PBXFileReference; explicitFileType = wrapper.application; includeInIndex = 0; path = UITextFileDemo.app; sourceTree = BUILT_PRODUCTS_DIR; };
		E9A8648020562E3D00799B6E /* AppDelegate.swift */ = {isa = PBXFileReference; lastKnownFileType = sourcecode.swift; path = AppDelegate.swift; sourceTree = "<group>"; };
		E9A8648220562E3D00799B6E /* ViewController.swift */ = {isa = PBXFileReference; lastKnownFileType = sourcecode.swift; path = ViewController.swift; sourceTree = "<group>"; };
		E9A8648520562E3D00799B6E /* Base */ = {isa = PBXFileReference; lastKnownFileType = file.storyboard; name = Base; path = Base.lproj/Main.storyboard; sourceTree = "<group>"; };
		E9A8648720562E3D00799B6E /* Assets.xcassets */ = {isa = PBXFileReference; lastKnownFileType = folder.assetcatalog; path = Assets.xcassets; sourceTree = "<group>"; };
		E9A8648A20562E3D00799B6E /* Base */ = {isa = PBXFileReference; lastKnownFileType = file.storyboard; name = Base; path = Base.lproj/LaunchScreen.storyboard; sourceTree = "<group>"; };
		E9A8648C20562E3D00799B6E /* Info.plist */ = {isa = PBXFileReference; lastKnownFileType = text.plist.xml; path = Info.plist; sourceTree = "<group>"; };
/* End PBXFileReference section */

/* Begin PBXFrameworksBuildPhase section */
		E9A8647A20562E3D00799B6E /* Frameworks */ = {
			isa = PBXFrameworksBuildPhase;
			buildActionMask = 2147483647;
			files = (
			);
			runOnlyForDeploymentPostprocessing = 0;
		};
/* End PBXFrameworksBuildPhase section */

/* Begin PBXGroup section */
		E9A8647420562E3D00799B6E = {
			isa = PBXGroup;
			children = (
				E9A8647F20562E3D00799B6E /* UITextFileDemo */,
				E9A8647E20562E3D00799B6E /* Products */,
			);
			sourceTree = "<group>";
		};
		E9A8647E20562E3D00799B6E /* Products */ = {
			isa = PBXGroup;
			children = (
				E9A8647D20562E3D00799B6E /* UITextFileDemo.app */,
			);
			name = Products;
			sourceTree = "<group>";
		};
		E9A8647F20562E3D00799B6E /* UITextFileDemo */ = {
			isa = PBXGroup;
			children = (
				E9A8648020562E3D00799B6E /* AppDelegate.swift */,
				E9A8648220562E3D00799B6E /* ViewController.swift */,
				E9A8648420562E3D00799B6E /* Main.storyboard */,
				E9A8648720562E3D00799B6E /* Assets.xcassets */,
				E9A8648920562E3D00799B6E /* LaunchScreen.storyboard */,
				E9A8648C20562E3D00799B6E /* Info.plist */,
			);
			path = UITextFileDemo;
			sourceTree = "<group>";
		};
/* End PBXGroup section */

/* Begin PBXNativeTarget section */
		E9A8647C20562E3D00799B6E /* UITextFileDemo */ = {
			isa = PBXNativeTarget;
			buildConfigurationList = E9A8648F20562E3D00799B6E /* Build configuration list for PBXNativeTarget "UITextFileDemo" */;
			buildPhases = (
				E9A8647920562E3D00799B6E /* Sources */,
				E9A8647A20562E3D00799B6E /* Frameworks */,
				E9A8647B20562E3D00799B6E /* Resources */,
			);
			buildRules = (
			);
			dependencies = (
			);
			name = UITextFileDemo;
			productName = UITextFileDemo;
			productReference = E9A8647D20562E3D00799B6E /* UITextFileDemo.app */;
			productType = "com.apple.product-type.application";
		};
/* End PBXNativeTarget section */

/* Begin PBXProject section */
		E9A8647520562E3D00799B6E /* Project object */ = {
			isa = PBXProject;
			attributes = {
				LastSwiftUpdateCheck = 0830;
				LastUpgradeCheck = 0830;
				ORGANIZATIONNAME = gdcp;
				TargetAttributes = {
					E9A8647C20562E3D00799B6E = {
						CreatedOnToolsVersion = 8.3.3;
						ProvisioningStyle = Automatic;
					};
				};
			};
			buildConfigurationList = E9A8647820562E3D00799B6E /* Build configuration list for PBXProject "UITextFileDemo" */;
			compatibilityVersion = "Xcode 3.2";
			developmentRegion = English;
			hasScannedForEncodings = 0;
			knownRegions = (
				en,
				Base,
			);
			mainGroup = E9A8647420562E3D00799B6E;
			productRefGroup = E9A8647E20562E3D00799B6E /* Products */;
			projectDirPath = "";
			projectRoot = "";
			targets = (
				E9A8647C20562E3D00799B6E /* UITextFileDemo */,
			);
		};
/* End PBXProject section */

/* Begin PBXResourcesBuildPhase section */
		E9A8647B20562E3D00799B6E /* Resources */ = {
			isa = PBXResourcesBuildPhase;
			buildActionMask = 2147483647;
			files = (
				E9A8648B20562E3D00799B6E /* LaunchScreen.storyboard in Resources */,
				E9A8648820562E3D00799B6E /* Assets.xcassets in Resources */,
				E9A8648620562E3D00799B6E /* Main.storyboard in Resources */,
			);
			runOnlyForDeploymentPostprocessing = 0;
		};
/* End PBXResourcesBuildPhase section */

/* Begin PBXSourcesBuildPhase section */
		E9A8647920562E3D00799B6E /* Sources */ = {
			isa = PBXSourcesBuildPhase;
			buildActionMask = 2147483647;
			files = (
				E9A8648320562E3D00799B6E /* ViewController.swift in Sources */,
				E9A8648120562E3D00799B6E /* AppDelegate.swift in Sources */,
			);
			runOnlyForDeploymentPostprocessing = 0;
		};
/* End PBXSourcesBuildPhase section */

/* Begin PBXVariantGroup section */
		E9A8648420562E3D00799B6E /* Main.storyboard */ = {
			isa = PBXVariantGroup;
			children = (
				E9A8648520562E3D00799B6E /* Base */,
			);
			name = Main.storyboard;
			sourceTree = "<group>";
		};
		E9A8648920562E3D00799B6E /* LaunchScreen.storyboard */ = {
			isa = PBXVariantGroup;
			children = (
				E9A8648A20562E3D00799B6E /* Base */,
			);
			name = LaunchScreen.storyboard;
			sourceTree = "<group>";
		};
/* End PBXVariantGroup section */

/* Begin XCBuildConfiguration section */
		E9A8648D20562E3D00799B6E /* Debug */ = {
			isa = XCBuildConfiguration;
			buildSettings = {
				ALWAYS_SEARCH_USER_PATHS = NO;
				CLANG_ANALYZER_NONNULL = YES;
				CLANG_ANALYZER_NUMBER_OBJECT_CONVERSION = YES_AGGRESSIVE;
				CLANG_CXX_LANGUAGE_STANDARD = "gnu++0x";
				CLANG_CXX_LIBRARY = "libc++";
				CLANG_ENABLE_MODULES = YES;
				CLANG_ENABLE_OBJC_ARC = YES;
				CLANG_WARN_BOOL_CONVERSION = YES;
				CLANG_WARN_CONSTANT_CONVERSION = YES;
				CLANG_WARN_DIRECT_OBJC_ISA_USAGE = YES_ERROR;
				CLANG_WARN_DOCUMENTATION_COMMENTS = YES;
				CLANG_WARN_EMPTY_BODY = YES;
				CLANG_WARN_ENUM_CONVERSION = YES;
				CLANG_WARN_INFINITE_RECURSION = YES;
				CLANG_WARN_INT_CONVERSION = YES;
				CLANG_WARN_OBJC_ROOT_CLASS = YES_ERROR;
				CLANG_WARN_SUSPICIOUS_MOVE = YES;
				CLANG_WARN_UNREACHABLE_CODE = YES;
				CLANG_WARN__DUPLICATE_METHOD_MATCH = YES;
				"CODE_SIGN_IDENTITY[sdk=iphoneos*]" = "iPhone Developer";
				COPY_PHASE_STRIP = NO;
				DEBUG_INFORMATION_FORMAT = dwarf;
				ENABLE_STRICT_OBJC_MSGSEND = YES;
				ENABLE_TESTABILITY = YES;
				GCC_C_LANGUAGE_STANDARD = gnu99;
				GCC_DYNAMIC_NO_PIC = NO;
				GCC_NO_COMMON_BLOCKS = YES;
				GCC_OPTIMIZATION_LEVEL = 0;
				GCC_PREPROCESSOR_DEFINITIONS = (
					"DEBUG=1",
					"$(inherited)",
				);
				GCC_WARN_64_TO_32_BIT_CONVERSION = YES;
				GCC_WARN_ABOUT_RETURN_TYPE = YES_ERROR;
				GCC_WARN_UNDECLARED_SELECTOR = YES;
				GCC_WARN_UNINITIALIZED_AUTOS = YES_AGGRESSIVE;
				GCC_WARN_UNUSED_FUNCTION = YES;
				GCC_WARN_UNUSED_VARIABLE = YES;
				IPHONEOS_DEPLOYMENT_TARGET = 10.3;
				MTL_ENABLE_DEBUG_INFO = YES;
				ONLY_ACTIVE_ARCH = YES;
				SDKROOT = iphoneos;
				SWIFT_ACTIVE_COMPILATION_CONDITIONS = DEBUG;
				SWIFT_OPTIMIZATION_LEVEL = "-Onone";
				TARGETED_DEVICE_FAMILY = "1,2";
			};
			name = Debug;
		};
		E9A8648E20562E3D00799B6E /* Release */ = {
			isa = XCBuildConfiguration;
			buildSettings = {
				ALWAYS_SEARCH_USER_PATHS = NO;
				CLANG_ANALYZER_NONNULL = YES;
				CLANG_ANALYZER_NUMBER_OBJECT_CONVERSION = YES_AGGRESSIVE;
				CLANG_CXX_LANGUAGE_STANDARD = "gnu++0x";
				CLANG_CXX_LIBRARY = "libc++";
				CLANG_ENABLE_MODULES = YES;
				CLANG_ENABLE_OBJC_ARC = YES;
				CLANG_WARN_BOOL_CONVERSION = YES;
				CLANG_WARN_CONSTANT_CONVERSION = YES;
				CLANG_WARN_DIRECT_OBJC_ISA_USAGE = YES_ERROR;
				CLANG_WARN_DOCUMENTATION_COMMENTS = YES;
				CLANG_WARN_EMPTY_BODY = YES;
				CLANG_WARN_ENUM_CONVERSION = YES;
				CLANG_WARN_INFINITE_RECURSION = YES;
				CLANG_WARN_INT_CONVERSION = YES;
				CLANG_WARN_OBJC_ROOT_CLASS = YES_ERROR;
				CLANG_WARN_SUSPICIOUS_MOVE = YES;
				CLANG_WARN_UNREACHABLE_CODE = YES;
				CLANG_WARN__DUPLICATE_METHOD_MATCH = YES;
				"CODE_SIGN_IDENTITY[sdk=iphoneos*]" = "iPhone Developer";
				COPY_PHASE_STRIP = NO;
				DEBUG_INFORMATION_FORMAT = "dwarf-with-dsym";
				ENABLE_NS_ASSERTIONS = NO;
				ENABLE_STRICT_OBJC_MSGSEND = YES;
				GCC_C_LANGUAGE_STANDARD = gnu99;
				GCC_NO_COMMON_BLOCKS = YES;
				GCC_WARN_64_TO_32_BIT_CONVERSION = YES;
				GCC_WARN_ABOUT_RETURN_TYPE = YES_ERROR;
				GCC_WARN_UNDECLARED_SELECTOR = YES;
				GCC_WARN_UNINITIALIZED_AUTOS = YES_AGGRESSIVE;
				GCC_WARN_UNUSED_FUNCTION = YES;
				GCC_WARN_UNUSED_VARIABLE = YES;
				IPHONEOS_DEPLOYMENT_TARGET = 10.3;
				MTL_ENABLE_DEBUG_INFO = NO;
				SDKROOT = iphoneos;
				SWIFT_OPTIMIZATION_LEVEL = "-Owholemodule";
				TARGETED_DEVICE_FAMILY = "1,2";
				VALIDATE_PRODUCT = YES;
			};
			name = Release;
		};
		E9A8649020562E3D00799B6E /* Debug */ = {
			isa = XCBuildConfiguration;
			buildSettings = {
				ASSETCATALOG_COMPILER_APPICON_NAME = AppIcon;
				INFOPLIST_FILE = UITextFileDemo/Info.plist;
				LD_RUNPATH_SEARCH_PATHS = "$(inherited) @executable_path/Frameworks";
				PRODUCT_BUNDLE_IDENTIFIER = gdcp.UITextFileDemo;
				PRODUCT_NAME = "$(TARGET_NAME)";
				SWIFT_VERSION = 3.0;
			};
			name = Debug;
		};
		E9A8649120562E3D00799B6E /* Release */ = {
			isa = XCBuildConfiguration;
			buildSettings = {
				ASSETCATALOG_COMPILER_APPICON_NAME = AppIcon;
				INFOPLIST_FILE = UITextFileDemo/Info.plist;
				LD_RUNPATH_SEARCH_PATHS = "$(inherited) @executable_path/Frameworks";
				PRODUCT_BUNDLE_IDENTIFIER = gdcp.UITextFileDemo;
				PRODUCT_NAME = "$(TARGET_NAME)";
				SWIFT_VERSION = 3.0;
			};
			name = Release;
		};
/* End XCBuildConfiguration section */

/* Begin XCConfigurationList section */
		E9A8647820562E3D00799B6E /* Build configuration list for PBXProject "UITextFileDemo" */ = {
			isa = XCConfigurationList;
			buildConfigurations = (
				E9A8648D20562E3D00799B6E /* Debug */,
				E9A8648E20562E3D00799B6E /* Release */,
			);
			defaultConfigurationIsVisible = 0;
			defaultConfigurationName = Release;
		};
		E9A8648F20562E3D00799B6E /* Build configuration list for PBXNativeTarget "UITextFileDemo" */ = {
			isa = XCConfigurationList;
			buildConfigurations = (
				E9A8649020562E3D00799B6E /* Debug */,
				E9A8649120562E3D00799B6E /* Release */,
			);
			defaultConfigurationIsVisible = 0;
		};
/* End XCConfigurationList section */
	};
	rootObject = E9A8647520562E3D00799B6E /* Project object */;
}
